
Microsoft Visual Studio Solution File, Format Version 12.00
# Visual Studio Version 16
VisualStudioVersion = 16.0.30002.166
MinimumVisualStudioVersion = 10.0.40219.1
Project("{FAE04EC0-301F-11D3-BF4B-00C04F79EFBC}") = "FansOfAsparagus", "FansOfAsparagus.csproj", "{CDDA5954-DD7A-4ADE-A8AF-77BC25810576}"
EndProject
Global
	GlobalSection(SolutionConfigurationPlatforms) = preSolution
		Debug|Any CPU = Debug|Any CPU
		Release|Any CPU = Release|Any CPU
	EndGlobalSection
	GlobalSection(ProjectConfigurationPlatforms) = postSolution
		{CDDA5954-DD7A-4ADE-A8AF-77BC25810576}.Debug|Any CPU.ActiveCfg = Debug|Any CPU
		{CDDA5954-DD7A-4ADE-A8AF-77BC25810576}.Debug|Any CPU.Build.0 = Debug|Any CPU
		{CDDA5954-DD7A-4ADE-A8AF-77BC25810576}.Release|Any CPU.ActiveCfg = Release|Any CPU
		{CDDA5954-DD7A-4ADE-A8AF-77BC25810576}.Release|Any CPU.Build.0 = Release|Any CPU
	EndGlobalSection
	GlobalSection(SolutionProperties) = preSolution
		HideSolutionNode = FALSE
	EndGlobalSection
	GlobalSection(ExtensibilityGlobals) = postSolution
		SolutionGuid = {08CF9C3C-1D45-48E0-BA5E-4F9E5FC57287}
	EndGlobalSection
EndGlobal
